
Microsoft Visual Studio Solution File, Format Version 12.00
# Visual Studio Version 17
VisualStudioVersion = 17.5.33627.172
MinimumVisualStudioVersion = 10.0.40219.1
Project("{2150E333-8FDC-42A3-9474-1A3956D46DE8}") = "Services", "Services", "{6A2FB534-7D43-41B0-9973-2F3385D5E2E1}"
EndProject
Project("{2150E333-8FDC-42A3-9474-1A3956D46DE8}") = "Catalog", "Catalog", "{E11D43B0-7BE2-48DB-AF35-AB43903E6EA0}"
EndProject
Project("{9A19103F-16F7-4668-BE54-9A1E7A4F7556}") = "Catalog.API", "Catalog\Catalog.API\Catalog.API.csproj", "{2D8AA54D-084D-4483-B5F5-9F21F758F38E}"
EndProject
Project("{9A19103F-16F7-4668-BE54-9A1E7A4F7556}") = "Catalog.Core", "Catalog\Catalog.Core\Catalog.Core.csproj", "{4A207C2F-BDB1-4445-954B-9030E6255DB0}"
EndProject
Project("{9A19103F-16F7-4668-BE54-9A1E7A4F7556}") = "Catalog.Application", "Catalog\Catalog.Application\Catalog.Application.csproj", "{9B728D23-E413-4FB7-BB32-9FD8F4AC8FAC}"
EndProject
Project("{9A19103F-16F7-4668-BE54-9A1E7A4F7556}") = "Catalog.Infrastructure", "Catalog\Catalog.Infrastructure\Catalog.Infrastructure.csproj", "{E2E905B3-8591-475C-9840-FFB153B278BB}"
EndProject
Project("{E53339B2-1760-4266-BCC7-CA923CBCF16C}") = "docker-compose", "docker-compose.dcproj", "{A62E6798-7DE3-4CC4-9F25-6B9DFBDA9D0F}"
EndProject
Project("{2150E333-8FDC-42A3-9474-1A3956D46DE8}") = "Basket", "Basket", "{18E350D5-7750-443C-A28E-E28D82A5BF2C}"
EndProject
Project("{FAE04EC0-301F-11D3-BF4B-00C04F79EFBC}") = "Basket.Application", "Basket\Basket.Application\Basket.Application.csproj", "{3E09269D-6098-42EC-9BB7-DAAEF66735A8}"
EndProject
Project("{FAE04EC0-301F-11D3-BF4B-00C04F79EFBC}") = "Basket.Core", "Basket\Basket.Core\Basket.Core.csproj", "{D6B3520A-DD0B-475A-95E4-04893CD633E3}"
EndProject
Project("{FAE04EC0-301F-11D3-BF4B-00C04F79EFBC}") = "Basket.Infrastructure", "Basket\Basket.Infrastructure\Basket.Infrastructure.csproj", "{C47A9DFB-F228-4B8D-9A3D-B2B8C7128825}"
EndProject
Project("{FAE04EC0-301F-11D3-BF4B-00C04F79EFBC}") = "Basket.API", "Basket\Basket.API\Basket.API.csproj", "{513525DA-A79F-4452-8BB7-D3A9245CE534}"
EndProject
Global
	GlobalSection(SolutionConfigurationPlatforms) = preSolution
		Debug|Any CPU = Debug|Any CPU
		Release|Any CPU = Release|Any CPU
	EndGlobalSection
	GlobalSection(ProjectConfigurationPlatforms) = postSolution
		{2D8AA54D-084D-4483-B5F5-9F21F758F38E}.Debug|Any CPU.ActiveCfg = Debug|Any CPU
		{2D8AA54D-084D-4483-B5F5-9F21F758F38E}.Debug|Any CPU.Build.0 = Debug|Any CPU
		{2D8AA54D-084D-4483-B5F5-9F21F758F38E}.Release|Any CPU.ActiveCfg = Release|Any CPU
		{2D8AA54D-084D-4483-B5F5-9F21F758F38E}.Release|Any CPU.Build.0 = Release|Any CPU
		{4A207C2F-BDB1-4445-954B-9030E6255DB0}.Debug|Any CPU.ActiveCfg = Debug|Any CPU
		{4A207C2F-BDB1-4445-954B-9030E6255DB0}.Debug|Any CPU.Build.0 = Debug|Any CPU
		{4A207C2F-BDB1-4445-954B-9030E6255DB0}.Release|Any CPU.ActiveCfg = Release|Any CPU
		{4A207C2F-BDB1-4445-954B-9030E6255DB0}.Release|Any CPU.Build.0 = Release|Any CPU
		{9B728D23-E413-4FB7-BB32-9FD8F4AC8FAC}.Debug|Any CPU.ActiveCfg = Debug|Any CPU
		{9B728D23-E413-4FB7-BB32-9FD8F4AC8FAC}.Debug|Any CPU.Build.0 = Debug|Any CPU
		{9B728D23-E413-4FB7-BB32-9FD8F4AC8FAC}.Release|Any CPU.ActiveCfg = Release|Any CPU
		{9B728D23-E413-4FB7-BB32-9FD8F4AC8FAC}.Release|Any CPU.Build.0 = Release|Any CPU
		{E2E905B3-8591-475C-9840-FFB153B278BB}.Debug|Any CPU.ActiveCfg = Debug|Any CPU
		{E2E905B3-8591-475C-9840-FFB153B278BB}.Debug|Any CPU.Build.0 = Debug|Any CPU
		{E2E905B3-8591-475C-9840-FFB153B278BB}.Release|Any CPU.ActiveCfg = Release|Any CPU
		{E2E905B3-8591-475C-9840-FFB153B278BB}.Release|Any CPU.Build.0 = Release|Any CPU
		{A62E6798-7DE3-4CC4-9F25-6B9DFBDA9D0F}.Debug|Any CPU.ActiveCfg = Debug|Any CPU
		{A62E6798-7DE3-4CC4-9F25-6B9DFBDA9D0F}.Debug|Any CPU.Build.0 = Debug|Any CPU
		{A62E6798-7DE3-4CC4-9F25-6B9DFBDA9D0F}.Release|Any CPU.ActiveCfg = Release|Any CPU
		{A62E6798-7DE3-4CC4-9F25-6B9DFBDA9D0F}.Release|Any CPU.Build.0 = Release|Any CPU
		{3E09269D-6098-42EC-9BB7-DAAEF66735A8}.Debug|Any CPU.ActiveCfg = Debug|Any CPU
		{3E09269D-6098-42EC-9BB7-DAAEF66735A8}.Debug|Any CPU.Build.0 = Debug|Any CPU
		{3E09269D-6098-42EC-9BB7-DAAEF66735A8}.Release|Any CPU.ActiveCfg = Release|Any CPU
		{3E09269D-6098-42EC-9BB7-DAAEF66735A8}.Release|Any CPU.Build.0 = Release|Any CPU
		{D6B3520A-DD0B-475A-95E4-04893CD633E3}.Debug|Any CPU.ActiveCfg = Debug|Any CPU
		{D6B3520A-DD0B-475A-95E4-04893CD633E3}.Debug|Any CPU.Build.0 = Debug|Any CPU
		{D6B3520A-DD0B-475A-95E4-04893CD633E3}.Release|Any CPU.ActiveCfg = Release|Any CPU
		{D6B3520A-DD0B-475A-95E4-04893CD633E3}.Release|Any CPU.Build.0 = Release|Any CPU
		{C47A9DFB-F228-4B8D-9A3D-B2B8C7128825}.Debug|Any CPU.ActiveCfg = Debug|Any CPU
		{C47A9DFB-F228-4B8D-9A3D-B2B8C7128825}.Debug|Any CPU.Build.0 = Debug|Any CPU
		{C47A9DFB-F228-4B8D-9A3D-B2B8C7128825}.Release|Any CPU.ActiveCfg = Release|Any CPU
		{C47A9DFB-F228-4B8D-9A3D-B2B8C7128825}.Release|Any CPU.Build.0 = Release|Any CPU
		{513525DA-A79F-4452-8BB7-D3A9245CE534}.Debug|Any CPU.ActiveCfg = Debug|Any CPU
		{513525DA-A79F-4452-8BB7-D3A9245CE534}.Debug|Any CPU.Build.0 = Debug|Any CPU
		{513525DA-A79F-4452-8BB7-D3A9245CE534}.Release|Any CPU.ActiveCfg = Release|Any CPU
		{513525DA-A79F-4452-8BB7-D3A9245CE534}.Release|Any CPU.Build.0 = Release|Any CPU
	EndGlobalSection
	GlobalSection(SolutionProperties) = preSolution
		HideSolutionNode = FALSE
	EndGlobalSection
	GlobalSection(NestedProjects) = preSolution
		{E11D43B0-7BE2-48DB-AF35-AB43903E6EA0} = {6A2FB534-7D43-41B0-9973-2F3385D5E2E1}
		{2D8AA54D-084D-4483-B5F5-9F21F758F38E} = {E11D43B0-7BE2-48DB-AF35-AB43903E6EA0}
		{4A207C2F-BDB1-4445-954B-9030E6255DB0} = {E11D43B0-7BE2-48DB-AF35-AB43903E6EA0}
		{9B728D23-E413-4FB7-BB32-9FD8F4AC8FAC} = {E11D43B0-7BE2-48DB-AF35-AB43903E6EA0}
		{E2E905B3-8591-475C-9840-FFB153B278BB} = {E11D43B0-7BE2-48DB-AF35-AB43903E6EA0}
		{18E350D5-7750-443C-A28E-E28D82A5BF2C} = {6A2FB534-7D43-41B0-9973-2F3385D5E2E1}
		{3E09269D-6098-42EC-9BB7-DAAEF66735A8} = {18E350D5-7750-443C-A28E-E28D82A5BF2C}
		{D6B3520A-DD0B-475A-95E4-04893CD633E3} = {18E350D5-7750-443C-A28E-E28D82A5BF2C}
		{C47A9DFB-F228-4B8D-9A3D-B2B8C7128825} = {18E350D5-7750-443C-A28E-E28D82A5BF2C}
		{513525DA-A79F-4452-8BB7-D3A9245CE534} = {18E350D5-7750-443C-A28E-E28D82A5BF2C}
	EndGlobalSection
	GlobalSection(ExtensibilityGlobals) = postSolution
		SolutionGuid = {5EBC827D-9458-4ED9-83AE-D7E8C9801A7D}
	EndGlobalSection
EndGlobal
