
Microsoft Visual Studio Solution File, Format Version 12.00
# Visual Studio Version 17
VisualStudioVersion = 17.5.33627.172
MinimumVisualStudioVersion = 10.0.40219.1
Project("{2150E333-8FDC-42A3-9474-1A3956D46DE8}") = "Services", "Services", "{6A2FB534-7D43-41B0-9973-2F3385D5E2E1}"
EndProject
Project("{2150E333-8FDC-42A3-9474-1A3956D46DE8}") = "Catalog", "Catalog", "{E11D43B0-7BE2-48DB-AF35-AB43903E6EA0}"
EndProject
Project("{9A19103F-16F7-4668-BE54-9A1E7A4F7556}") = "Catalog.API", "Catalog\Catalog.API\Catalog.API.csproj", "{2D8AA54D-084D-4483-B5F5-9F21F758F38E}"
EndProject
Project("{9A19103F-16F7-4668-BE54-9A1E7A4F7556}") = "Catalog.Core", "Catalog\Catalog.Core\Catalog.Core.csproj", "{4A207C2F-BDB1-4445-954B-9030E6255DB0}"
EndProject
Project("{9A19103F-16F7-4668-BE54-9A1E7A4F7556}") = "Catalog.Application", "Catalog\Catalog.Application\Catalog.Application.csproj", "{9B728D23-E413-4FB7-BB32-9FD8F4AC8FAC}"
EndProject
Project("{9A19103F-16F7-4668-BE54-9A1E7A4F7556}") = "Catalog.Infrastructure", "Catalog\Catalog.Infrastructure\Catalog.Infrastructure.csproj", "{E2E905B3-8591-475C-9840-FFB153B278BB}"
EndProject
Project("{E53339B2-1760-4266-BCC7-CA923CBCF16C}") = "docker-compose", "docker-compose.dcproj", "{A62E6798-7DE3-4CC4-9F25-6B9DFBDA9D0F}"
EndProject
Project("{2150E333-8FDC-42A3-9474-1A3956D46DE8}") = "Basket", "Basket", "{18E350D5-7750-443C-A28E-E28D82A5BF2C}"
EndProject
Project("{9A19103F-16F7-4668-BE54-9A1E7A4F7556}") = "Basket.Application", "Basket\Basket.Application\Basket.Application.csproj", "{3E09269D-6098-42EC-9BB7-DAAEF66735A8}"
EndProject
Project("{9A19103F-16F7-4668-BE54-9A1E7A4F7556}") = "Basket.Core", "Basket\Basket.Core\Basket.Core.csproj", "{D6B3520A-DD0B-475A-95E4-04893CD633E3}"
EndProject
Project("{9A19103F-16F7-4668-BE54-9A1E7A4F7556}") = "Basket.Infrastructure", "Basket\Basket.Infrastructure\Basket.Infrastructure.csproj", "{C47A9DFB-F228-4B8D-9A3D-B2B8C7128825}"
EndProject
Project("{9A19103F-16F7-4668-BE54-9A1E7A4F7556}") = "Basket.API", "Basket\Basket.API\Basket.API.csproj", "{513525DA-A79F-4452-8BB7-D3A9245CE534}"
EndProject
Project("{2150E333-8FDC-42A3-9474-1A3956D46DE8}") = "Discount", "Discount", "{8B8FBBA4-06FF-4DB2-AF42-F3098C840709}"
EndProject
Project("{9A19103F-16F7-4668-BE54-9A1E7A4F7556}") = "Discount.API", "Discount\Discount.API\Discount.API.csproj", "{0308D679-8DF6-48CD-8C05-615C49DB5330}"
EndProject
Project("{9A19103F-16F7-4668-BE54-9A1E7A4F7556}") = "Discount.Core", "Discount\Discount.Core\Discount.Core.csproj", "{47F3CB5E-C703-424D-8839-A9A0E1402523}"
EndProject
Project("{9A19103F-16F7-4668-BE54-9A1E7A4F7556}") = "Discount.Application", "Discount\Discount.Application\Discount.Application.csproj", "{6EDD24A4-54C9-421A-8442-01C6D885233F}"
EndProject
Project("{9A19103F-16F7-4668-BE54-9A1E7A4F7556}") = "Discount.Infrastructure", "Discount\Discount.Infrastructure\Discount.Infrastructure.csproj", "{4BE1C01D-B654-4A83-9821-C2AA42DCDB0E}"
EndProject
Project("{2150E333-8FDC-42A3-9474-1A3956D46DE8}") = "Ordering", "Ordering", "{5BDBF9D4-D02C-4723-AD68-A7099A579BCD}"
EndProject
Project("{FAE04EC0-301F-11D3-BF4B-00C04F79EFBC}") = "Ordering.API", "Ordering\Ordering.API\Ordering.API.csproj", "{9A73D075-D3F0-4891-A8E0-93343A95B495}"
EndProject
Project("{FAE04EC0-301F-11D3-BF4B-00C04F79EFBC}") = "Ordering.Application", "Ordering\Ordering.Application\Ordering.Application.csproj", "{EB8B1691-4FC2-4FE3-87CD-0DC3A6330AF8}"
EndProject
Project("{FAE04EC0-301F-11D3-BF4B-00C04F79EFBC}") = "Ordering.Core", "Ordering\Ordering.Core\Ordering.Core.csproj", "{561495B3-C29A-4867-8FF0-B35119CC0E05}"
EndProject
Project("{FAE04EC0-301F-11D3-BF4B-00C04F79EFBC}") = "Ordering.Infrastructure", "Ordering\Ordering.Infrastructure\Ordering.Infrastructure.csproj", "{BA876D4E-A4D8-4A8F-822E-A64E25AF1C29}"
EndProject
Global
	GlobalSection(SolutionConfigurationPlatforms) = preSolution
		Debug|Any CPU = Debug|Any CPU
		Release|Any CPU = Release|Any CPU
	EndGlobalSection
	GlobalSection(ProjectConfigurationPlatforms) = postSolution
		{2D8AA54D-084D-4483-B5F5-9F21F758F38E}.Debug|Any CPU.ActiveCfg = Debug|Any CPU
		{2D8AA54D-084D-4483-B5F5-9F21F758F38E}.Debug|Any CPU.Build.0 = Debug|Any CPU
		{2D8AA54D-084D-4483-B5F5-9F21F758F38E}.Release|Any CPU.ActiveCfg = Release|Any CPU
		{2D8AA54D-084D-4483-B5F5-9F21F758F38E}.Release|Any CPU.Build.0 = Release|Any CPU
		{4A207C2F-BDB1-4445-954B-9030E6255DB0}.Debug|Any CPU.ActiveCfg = Debug|Any CPU
		{4A207C2F-BDB1-4445-954B-9030E6255DB0}.Debug|Any CPU.Build.0 = Debug|Any CPU
		{4A207C2F-BDB1-4445-954B-9030E6255DB0}.Release|Any CPU.ActiveCfg = Release|Any CPU
		{4A207C2F-BDB1-4445-954B-9030E6255DB0}.Release|Any CPU.Build.0 = Release|Any CPU
		{9B728D23-E413-4FB7-BB32-9FD8F4AC8FAC}.Debug|Any CPU.ActiveCfg = Debug|Any CPU
		{9B728D23-E413-4FB7-BB32-9FD8F4AC8FAC}.Debug|Any CPU.Build.0 = Debug|Any CPU
		{9B728D23-E413-4FB7-BB32-9FD8F4AC8FAC}.Release|Any CPU.ActiveCfg = Release|Any CPU
		{9B728D23-E413-4FB7-BB32-9FD8F4AC8FAC}.Release|Any CPU.Build.0 = Release|Any CPU
		{E2E905B3-8591-475C-9840-FFB153B278BB}.Debug|Any CPU.ActiveCfg = Debug|Any CPU
		{E2E905B3-8591-475C-9840-FFB153B278BB}.Debug|Any CPU.Build.0 = Debug|Any CPU
		{E2E905B3-8591-475C-9840-FFB153B278BB}.Release|Any CPU.ActiveCfg = Release|Any CPU
		{E2E905B3-8591-475C-9840-FFB153B278BB}.Release|Any CPU.Build.0 = Release|Any CPU
		{A62E6798-7DE3-4CC4-9F25-6B9DFBDA9D0F}.Debug|Any CPU.ActiveCfg = Debug|Any CPU
		{A62E6798-7DE3-4CC4-9F25-6B9DFBDA9D0F}.Debug|Any CPU.Build.0 = Debug|Any CPU
		{A62E6798-7DE3-4CC4-9F25-6B9DFBDA9D0F}.Release|Any CPU.ActiveCfg = Release|Any CPU
		{A62E6798-7DE3-4CC4-9F25-6B9DFBDA9D0F}.Release|Any CPU.Build.0 = Release|Any CPU
		{3E09269D-6098-42EC-9BB7-DAAEF66735A8}.Debug|Any CPU.ActiveCfg = Debug|Any CPU
		{3E09269D-6098-42EC-9BB7-DAAEF66735A8}.Debug|Any CPU.Build.0 = Debug|Any CPU
		{3E09269D-6098-42EC-9BB7-DAAEF66735A8}.Release|Any CPU.ActiveCfg = Release|Any CPU
		{3E09269D-6098-42EC-9BB7-DAAEF66735A8}.Release|Any CPU.Build.0 = Release|Any CPU
		{D6B3520A-DD0B-475A-95E4-04893CD633E3}.Debug|Any CPU.ActiveCfg = Debug|Any CPU
		{D6B3520A-DD0B-475A-95E4-04893CD633E3}.Debug|Any CPU.Build.0 = Debug|Any CPU
		{D6B3520A-DD0B-475A-95E4-04893CD633E3}.Release|Any CPU.ActiveCfg = Release|Any CPU
		{D6B3520A-DD0B-475A-95E4-04893CD633E3}.Release|Any CPU.Build.0 = Release|Any CPU
		{C47A9DFB-F228-4B8D-9A3D-B2B8C7128825}.Debug|Any CPU.ActiveCfg = Debug|Any CPU
		{C47A9DFB-F228-4B8D-9A3D-B2B8C7128825}.Debug|Any CPU.Build.0 = Debug|Any CPU
		{C47A9DFB-F228-4B8D-9A3D-B2B8C7128825}.Release|Any CPU.ActiveCfg = Release|Any CPU
		{C47A9DFB-F228-4B8D-9A3D-B2B8C7128825}.Release|Any CPU.Build.0 = Release|Any CPU
		{513525DA-A79F-4452-8BB7-D3A9245CE534}.Debug|Any CPU.ActiveCfg = Debug|Any CPU
		{513525DA-A79F-4452-8BB7-D3A9245CE534}.Debug|Any CPU.Build.0 = Debug|Any CPU
		{513525DA-A79F-4452-8BB7-D3A9245CE534}.Release|Any CPU.ActiveCfg = Release|Any CPU
		{513525DA-A79F-4452-8BB7-D3A9245CE534}.Release|Any CPU.Build.0 = Release|Any CPU
		{0308D679-8DF6-48CD-8C05-615C49DB5330}.Debug|Any CPU.ActiveCfg = Debug|Any CPU
		{0308D679-8DF6-48CD-8C05-615C49DB5330}.Debug|Any CPU.Build.0 = Debug|Any CPU
		{0308D679-8DF6-48CD-8C05-615C49DB5330}.Release|Any CPU.ActiveCfg = Release|Any CPU
		{0308D679-8DF6-48CD-8C05-615C49DB5330}.Release|Any CPU.Build.0 = Release|Any CPU
		{47F3CB5E-C703-424D-8839-A9A0E1402523}.Debug|Any CPU.ActiveCfg = Debug|Any CPU
		{47F3CB5E-C703-424D-8839-A9A0E1402523}.Debug|Any CPU.Build.0 = Debug|Any CPU
		{47F3CB5E-C703-424D-8839-A9A0E1402523}.Release|Any CPU.ActiveCfg = Release|Any CPU
		{47F3CB5E-C703-424D-8839-A9A0E1402523}.Release|Any CPU.Build.0 = Release|Any CPU
		{6EDD24A4-54C9-421A-8442-01C6D885233F}.Debug|Any CPU.ActiveCfg = Debug|Any CPU
		{6EDD24A4-54C9-421A-8442-01C6D885233F}.Debug|Any CPU.Build.0 = Debug|Any CPU
		{6EDD24A4-54C9-421A-8442-01C6D885233F}.Release|Any CPU.ActiveCfg = Release|Any CPU
		{6EDD24A4-54C9-421A-8442-01C6D885233F}.Release|Any CPU.Build.0 = Release|Any CPU
		{4BE1C01D-B654-4A83-9821-C2AA42DCDB0E}.Debug|Any CPU.ActiveCfg = Debug|Any CPU
		{4BE1C01D-B654-4A83-9821-C2AA42DCDB0E}.Debug|Any CPU.Build.0 = Debug|Any CPU
		{4BE1C01D-B654-4A83-9821-C2AA42DCDB0E}.Release|Any CPU.ActiveCfg = Release|Any CPU
		{4BE1C01D-B654-4A83-9821-C2AA42DCDB0E}.Release|Any CPU.Build.0 = Release|Any CPU
		{9A73D075-D3F0-4891-A8E0-93343A95B495}.Debug|Any CPU.ActiveCfg = Debug|Any CPU
		{9A73D075-D3F0-4891-A8E0-93343A95B495}.Debug|Any CPU.Build.0 = Debug|Any CPU
		{9A73D075-D3F0-4891-A8E0-93343A95B495}.Release|Any CPU.ActiveCfg = Release|Any CPU
		{9A73D075-D3F0-4891-A8E0-93343A95B495}.Release|Any CPU.Build.0 = Release|Any CPU
		{EB8B1691-4FC2-4FE3-87CD-0DC3A6330AF8}.Debug|Any CPU.ActiveCfg = Debug|Any CPU
		{EB8B1691-4FC2-4FE3-87CD-0DC3A6330AF8}.Debug|Any CPU.Build.0 = Debug|Any CPU
		{EB8B1691-4FC2-4FE3-87CD-0DC3A6330AF8}.Release|Any CPU.ActiveCfg = Release|Any CPU
		{EB8B1691-4FC2-4FE3-87CD-0DC3A6330AF8}.Release|Any CPU.Build.0 = Release|Any CPU
		{561495B3-C29A-4867-8FF0-B35119CC0E05}.Debug|Any CPU.ActiveCfg = Debug|Any CPU
		{561495B3-C29A-4867-8FF0-B35119CC0E05}.Debug|Any CPU.Build.0 = Debug|Any CPU
		{561495B3-C29A-4867-8FF0-B35119CC0E05}.Release|Any CPU.ActiveCfg = Release|Any CPU
		{561495B3-C29A-4867-8FF0-B35119CC0E05}.Release|Any CPU.Build.0 = Release|Any CPU
		{BA876D4E-A4D8-4A8F-822E-A64E25AF1C29}.Debug|Any CPU.ActiveCfg = Debug|Any CPU
		{BA876D4E-A4D8-4A8F-822E-A64E25AF1C29}.Debug|Any CPU.Build.0 = Debug|Any CPU
		{BA876D4E-A4D8-4A8F-822E-A64E25AF1C29}.Release|Any CPU.ActiveCfg = Release|Any CPU
		{BA876D4E-A4D8-4A8F-822E-A64E25AF1C29}.Release|Any CPU.Build.0 = Release|Any CPU
	EndGlobalSection
	GlobalSection(SolutionProperties) = preSolution
		HideSolutionNode = FALSE
	EndGlobalSection
	GlobalSection(NestedProjects) = preSolution
		{E11D43B0-7BE2-48DB-AF35-AB43903E6EA0} = {6A2FB534-7D43-41B0-9973-2F3385D5E2E1}
		{2D8AA54D-084D-4483-B5F5-9F21F758F38E} = {E11D43B0-7BE2-48DB-AF35-AB43903E6EA0}
		{4A207C2F-BDB1-4445-954B-9030E6255DB0} = {E11D43B0-7BE2-48DB-AF35-AB43903E6EA0}
		{9B728D23-E413-4FB7-BB32-9FD8F4AC8FAC} = {E11D43B0-7BE2-48DB-AF35-AB43903E6EA0}
		{E2E905B3-8591-475C-9840-FFB153B278BB} = {E11D43B0-7BE2-48DB-AF35-AB43903E6EA0}
		{18E350D5-7750-443C-A28E-E28D82A5BF2C} = {6A2FB534-7D43-41B0-9973-2F3385D5E2E1}
		{3E09269D-6098-42EC-9BB7-DAAEF66735A8} = {18E350D5-7750-443C-A28E-E28D82A5BF2C}
		{D6B3520A-DD0B-475A-95E4-04893CD633E3} = {18E350D5-7750-443C-A28E-E28D82A5BF2C}
		{C47A9DFB-F228-4B8D-9A3D-B2B8C7128825} = {18E350D5-7750-443C-A28E-E28D82A5BF2C}
		{513525DA-A79F-4452-8BB7-D3A9245CE534} = {18E350D5-7750-443C-A28E-E28D82A5BF2C}
		{8B8FBBA4-06FF-4DB2-AF42-F3098C840709} = {6A2FB534-7D43-41B0-9973-2F3385D5E2E1}
		{0308D679-8DF6-48CD-8C05-615C49DB5330} = {8B8FBBA4-06FF-4DB2-AF42-F3098C840709}
		{47F3CB5E-C703-424D-8839-A9A0E1402523} = {8B8FBBA4-06FF-4DB2-AF42-F3098C840709}
		{6EDD24A4-54C9-421A-8442-01C6D885233F} = {8B8FBBA4-06FF-4DB2-AF42-F3098C840709}
		{4BE1C01D-B654-4A83-9821-C2AA42DCDB0E} = {8B8FBBA4-06FF-4DB2-AF42-F3098C840709}
		{5BDBF9D4-D02C-4723-AD68-A7099A579BCD} = {6A2FB534-7D43-41B0-9973-2F3385D5E2E1}
		{9A73D075-D3F0-4891-A8E0-93343A95B495} = {5BDBF9D4-D02C-4723-AD68-A7099A579BCD}
		{EB8B1691-4FC2-4FE3-87CD-0DC3A6330AF8} = {5BDBF9D4-D02C-4723-AD68-A7099A579BCD}
		{561495B3-C29A-4867-8FF0-B35119CC0E05} = {5BDBF9D4-D02C-4723-AD68-A7099A579BCD}
		{BA876D4E-A4D8-4A8F-822E-A64E25AF1C29} = {5BDBF9D4-D02C-4723-AD68-A7099A579BCD}
	EndGlobalSection
	GlobalSection(ExtensibilityGlobals) = postSolution
		SolutionGuid = {5EBC827D-9458-4ED9-83AE-D7E8C9801A7D}
	EndGlobalSection
EndGlobal
